// !$*UTF8*$!
{
	archiveVersion = 1;
	classes = {
	};
	objectVersion = 48;
	objects = {

/* Begin PBXBuildFile section */
		33F1DA15C94B6427C51B338A /* libPods-TestDemo.a in Frameworks */ = {isa = PBXBuildFile; fileRef = EF67D4877493764F86F5C230 /* libPods-TestDemo.a */; };
		96124992210827A100FF52D8 /* Person.m in Sources */ = {isa = PBXBuildFile; fileRef = 96124991210827A000FF52D8 /* Person.m */; };
		96124995210827BE00FF52D8 /* KeyValueDemoViewController.m in Sources */ = {isa = PBXBuildFile; fileRef = 96124994210827BE00FF52D8 /* KeyValueDemoViewController.m */; };
		9651545E214A8B7E0045CB00 /* TestFatherViewController.m in Sources */ = {isa = PBXBuildFile; fileRef = 9651545D214A8B7E0045CB00 /* TestFatherViewController.m */; };
		96515461214A8B980045CB00 /* TestChildViewController.m in Sources */ = {isa = PBXBuildFile; fileRef = 96515460214A8B980045CB00 /* TestChildViewController.m */; };
		96515464214A8BAD0045CB00 /* TestFatherViewController+print.m in Sources */ = {isa = PBXBuildFile; fileRef = 96515463214A8BAD0045CB00 /* TestFatherViewController+print.m */; };
		96560F74213A490500716516 /* TableViewOffsetViewController+Property.m in Sources */ = {isa = PBXBuildFile; fileRef = 96560F73213A490500716516 /* TableViewOffsetViewController+Property.m */; };
		9667C4F420BA8600008FA0B5 /* AppDelegate.m in Sources */ = {isa = PBXBuildFile; fileRef = 9667C4F320BA8600008FA0B5 /* AppDelegate.m */; };
		9667C4F720BA8600008FA0B5 /* ViewController.m in Sources */ = {isa = PBXBuildFile; fileRef = 9667C4F620BA8600008FA0B5 /* ViewController.m */; };
		9667C4FC20BA8600008FA0B5 /* Assets.xcassets in Resources */ = {isa = PBXBuildFile; fileRef = 9667C4FB20BA8600008FA0B5 /* Assets.xcassets */; };
		9667C4FF20BA8600008FA0B5 /* LaunchScreen.storyboard in Resources */ = {isa = PBXBuildFile; fileRef = 9667C4FD20BA8600008FA0B5 /* LaunchScreen.storyboard */; };
		9667C50220BA8600008FA0B5 /* main.m in Sources */ = {isa = PBXBuildFile; fileRef = 9667C50120BA8600008FA0B5 /* main.m */; };
		9667C51520BA890C008FA0B5 /* TableViewOffsetViewController.m in Sources */ = {isa = PBXBuildFile; fileRef = 9667C51420BA890C008FA0B5 /* TableViewOffsetViewController.m */; };
		9667C51820BBB118008FA0B5 /* WkWebViewViewController.m in Sources */ = {isa = PBXBuildFile; fileRef = 9667C51720BBB118008FA0B5 /* WkWebViewViewController.m */; };
/* End PBXBuildFile section */

/* Begin PBXFileReference section */
		74CD7161D0F2F53E401B5737 /* Pods-TestDemo.release.xcconfig */ = {isa = PBXFileReference; includeInIndex = 1; lastKnownFileType = text.xcconfig; name = "Pods-TestDemo.release.xcconfig"; path = "Pods/Target Support Files/Pods-TestDemo/Pods-TestDemo.release.xcconfig"; sourceTree = "<group>"; };
		96124990210827A000FF52D8 /* Person.h */ = {isa = PBXFileReference; lastKnownFileType = sourcecode.c.h; path = Person.h; sourceTree = "<group>"; };
		96124991210827A000FF52D8 /* Person.m */ = {isa = PBXFileReference; lastKnownFileType = sourcecode.c.objc; path = Person.m; sourceTree = "<group>"; };
		96124993210827BE00FF52D8 /* KeyValueDemoViewController.h */ = {isa = PBXFileReference; lastKnownFileType = sourcecode.c.h; path = KeyValueDemoViewController.h; sourceTree = "<group>"; };
		96124994210827BE00FF52D8 /* KeyValueDemoViewController.m */ = {isa = PBXFileReference; lastKnownFileType = sourcecode.c.objc; path = KeyValueDemoViewController.m; sourceTree = "<group>"; };
		9651545C214A8B7E0045CB00 /* TestFatherViewController.h */ = {isa = PBXFileReference; lastKnownFileType = sourcecode.c.h; path = TestFatherViewController.h; sourceTree = "<group>"; };
		9651545D214A8B7E0045CB00 /* TestFatherViewController.m */ = {isa = PBXFileReference; lastKnownFileType = sourcecode.c.objc; path = TestFatherViewController.m; sourceTree = "<group>"; };
		9651545F214A8B980045CB00 /* TestChildViewController.h */ = {isa = PBXFileReference; lastKnownFileType = sourcecode.c.h; path = TestChildViewController.h; sourceTree = "<group>"; };
		96515460214A8B980045CB00 /* TestChildViewController.m */ = {isa = PBXFileReference; lastKnownFileType = sourcecode.c.objc; path = TestChildViewController.m; sourceTree = "<group>"; };
		96515462214A8BAD0045CB00 /* TestFatherViewController+print.h */ = {isa = PBXFileReference; lastKnownFileType = sourcecode.c.h; path = "TestFatherViewController+print.h"; sourceTree = "<group>"; };
		96515463214A8BAD0045CB00 /* TestFatherViewController+print.m */ = {isa = PBXFileReference; lastKnownFileType = sourcecode.c.objc; path = "TestFatherViewController+print.m"; sourceTree = "<group>"; };
		96560F72213A490500716516 /* TableViewOffsetViewController+Property.h */ = {isa = PBXFileReference; lastKnownFileType = sourcecode.c.h; path = "TableViewOffsetViewController+Property.h"; sourceTree = "<group>"; };
		96560F73213A490500716516 /* TableViewOffsetViewController+Property.m */ = {isa = PBXFileReference; lastKnownFileType = sourcecode.c.objc; path = "TableViewOffsetViewController+Property.m"; sourceTree = "<group>"; };
		9667C4EF20BA8600008FA0B5 /* TestDemo.app */ = {isa = PBXFileReference; explicitFileType = wrapper.application; includeInIndex = 0; path = TestDemo.app; sourceTree = BUILT_PRODUCTS_DIR; };
		9667C4F220BA8600008FA0B5 /* AppDelegate.h */ = {isa = PBXFileReference; lastKnownFileType = sourcecode.c.h; path = AppDelegate.h; sourceTree = "<group>"; };
		9667C4F320BA8600008FA0B5 /* AppDelegate.m */ = {isa = PBXFileReference; lastKnownFileType = sourcecode.c.objc; path = AppDelegate.m; sourceTree = "<group>"; };
		9667C4F520BA8600008FA0B5 /* ViewController.h */ = {isa = PBXFileReference; lastKnownFileType = sourcecode.c.h; path = ViewController.h; sourceTree = "<group>"; };
		9667C4F620BA8600008FA0B5 /* ViewController.m */ = {isa = PBXFileReference; lastKnownFileType = sourcecode.c.objc; path = ViewController.m; sourceTree = "<group>"; };
		9667C4FB20BA8600008FA0B5 /* Assets.xcassets */ = {isa = PBXFileReference; lastKnownFileType = folder.assetcatalog; path = Assets.xcassets; sourceTree = "<group>"; };
		9667C4FE20BA8600008FA0B5 /* Base */ = {isa = PBXFileReference; lastKnownFileType = file.storyboard; name = Base; path = Base.lproj/LaunchScreen.storyboard; sourceTree = "<group>"; };
		9667C50020BA8600008FA0B5 /* Info.plist */ = {isa = PBXFileReference; lastKnownFileType = text.plist.xml; path = Info.plist; sourceTree = "<group>"; };
		9667C50120BA8600008FA0B5 /* main.m */ = {isa = PBXFileReference; lastKnownFileType = sourcecode.c.objc; path = main.m; sourceTree = "<group>"; };
		9667C51320BA890C008FA0B5 /* TableViewOffsetViewController.h */ = {isa = PBXFileReference; lastKnownFileType = sourcecode.c.h; path = TableViewOffsetViewController.h; sourceTree = "<group>"; };
		9667C51420BA890C008FA0B5 /* TableViewOffsetViewController.m */ = {isa = PBXFileReference; lastKnownFileType = sourcecode.c.objc; path = TableViewOffsetViewController.m; sourceTree = "<group>"; };
		9667C51620BBB118008FA0B5 /* WkWebViewViewController.h */ = {isa = PBXFileReference; lastKnownFileType = sourcecode.c.h; path = WkWebViewViewController.h; sourceTree = "<group>"; };
		9667C51720BBB118008FA0B5 /* WkWebViewViewController.m */ = {isa = PBXFileReference; lastKnownFileType = sourcecode.c.objc; path = WkWebViewViewController.m; sourceTree = "<group>"; };
		CE76DAE5EE642E9851A5D916 /* Pods-TestDemo.debug.xcconfig */ = {isa = PBXFileReference; includeInIndex = 1; lastKnownFileType = text.xcconfig; name = "Pods-TestDemo.debug.xcconfig"; path = "Pods/Target Support Files/Pods-TestDemo/Pods-TestDemo.debug.xcconfig"; sourceTree = "<group>"; };
		EF67D4877493764F86F5C230 /* libPods-TestDemo.a */ = {isa = PBXFileReference; explicitFileType = archive.ar; includeInIndex = 0; path = "libPods-TestDemo.a"; sourceTree = BUILT_PRODUCTS_DIR; };
/* End PBXFileReference section */

/* Begin PBXFrameworksBuildPhase section */
		9667C4EC20BA8600008FA0B5 /* Frameworks */ = {
			isa = PBXFrameworksBuildPhase;
			buildActionMask = 2147483647;
			files = (
				33F1DA15C94B6427C51B338A /* libPods-TestDemo.a in Frameworks */,
			);
			runOnlyForDeploymentPostprocessing = 0;
		};
/* End PBXFrameworksBuildPhase section */

/* Begin PBXGroup section */
		230E5ECFE894DA006E6391CA /* Pods */ = {
			isa = PBXGroup;
			children = (
				CE76DAE5EE642E9851A5D916 /* Pods-TestDemo.debug.xcconfig */,
				74CD7161D0F2F53E401B5737 /* Pods-TestDemo.release.xcconfig */,
			);
			name = Pods;
			sourceTree = "<group>";
		};
		53DEE0A0EB5B653F793B3FF9 /* Frameworks */ = {
			isa = PBXGroup;
			children = (
				EF67D4877493764F86F5C230 /* libPods-TestDemo.a */,
			);
			name = Frameworks;
			sourceTree = "<group>";
		};
		9612498F2108265000FF52D8 /* KeyValueDemo */ = {
			isa = PBXGroup;
			children = (
				96124990210827A000FF52D8 /* Person.h */,
				96124991210827A000FF52D8 /* Person.m */,
				96124993210827BE00FF52D8 /* KeyValueDemoViewController.h */,
				96124994210827BE00FF52D8 /* KeyValueDemoViewController.m */,
			);
			path = KeyValueDemo;
			sourceTree = "<group>";
		};
		9651545B214A8B620045CB00 /* TestCategory */ = {
			isa = PBXGroup;
			children = (
				9651545C214A8B7E0045CB00 /* TestFatherViewController.h */,
				9651545D214A8B7E0045CB00 /* TestFatherViewController.m */,
				9651545F214A8B980045CB00 /* TestChildViewController.h */,
				96515460214A8B980045CB00 /* TestChildViewController.m */,
				96515462214A8BAD0045CB00 /* TestFatherViewController+print.h */,
				96515463214A8BAD0045CB00 /* TestFatherViewController+print.m */,
			);
			path = TestCategory;
			sourceTree = "<group>";
		};
		9667C4E620BA8600008FA0B5 = {
			isa = PBXGroup;
			children = (
				9667C4F120BA8600008FA0B5 /* TestDemo */,
				9667C4F020BA8600008FA0B5 /* Products */,
				230E5ECFE894DA006E6391CA /* Pods */,
				53DEE0A0EB5B653F793B3FF9 /* Frameworks */,
			);
			sourceTree = "<group>";
		};
		9667C4F020BA8600008FA0B5 /* Products */ = {
			isa = PBXGroup;
			children = (
				9667C4EF20BA8600008FA0B5 /* TestDemo.app */,
			);
			name = Products;
			sourceTree = "<group>";
		};
		9667C4F120BA8600008FA0B5 /* TestDemo */ = {
			isa = PBXGroup;
			children = (
				9651545B214A8B620045CB00 /* TestCategory */,
				9612498F2108265000FF52D8 /* KeyValueDemo */,
				9667C4F220BA8600008FA0B5 /* AppDelegate.h */,
				9667C4F320BA8600008FA0B5 /* AppDelegate.m */,
				9667C4F520BA8600008FA0B5 /* ViewController.h */,
				9667C4F620BA8600008FA0B5 /* ViewController.m */,
				9667C51320BA890C008FA0B5 /* TableViewOffsetViewController.h */,
				9667C51420BA890C008FA0B5 /* TableViewOffsetViewController.m */,
				96560F72213A490500716516 /* TableViewOffsetViewController+Property.h */,
				96560F73213A490500716516 /* TableViewOffsetViewController+Property.m */,
				9667C51620BBB118008FA0B5 /* WkWebViewViewController.h */,
				9667C51720BBB118008FA0B5 /* WkWebViewViewController.m */,
				9667C4FB20BA8600008FA0B5 /* Assets.xcassets */,
				9667C4FD20BA8600008FA0B5 /* LaunchScreen.storyboard */,
				9667C50020BA8600008FA0B5 /* Info.plist */,
				9667C50120BA8600008FA0B5 /* main.m */,
			);
			path = TestDemo;
			sourceTree = "<group>";
		};
/* End PBXGroup section */

/* Begin PBXNativeTarget section */
		9667C4EE20BA8600008FA0B5 /* TestDemo */ = {
			isa = PBXNativeTarget;
			buildConfigurationList = 9667C50520BA8600008FA0B5 /* Build configuration list for PBXNativeTarget "TestDemo" */;
			buildPhases = (
				C38193A2432DA58F1F3DCFBF /* [CP] Check Pods Manifest.lock */,
				9667C4EB20BA8600008FA0B5 /* Sources */,
				9667C4EC20BA8600008FA0B5 /* Frameworks */,
				9667C4ED20BA8600008FA0B5 /* Resources */,
				33F78D2F7C706C4C3D57F55D /* [CP] Embed Pods Frameworks */,
				BA4DE8E0D89C8FD47DD5AD8C /* [CP] Copy Pods Resources */,
			);
			buildRules = (
			);
			dependencies = (
			);
			name = TestDemo;
			productName = TestDemo;
			productReference = 9667C4EF20BA8600008FA0B5 /* TestDemo.app */;
			productType = "com.apple.product-type.application";
		};
/* End PBXNativeTarget section */

/* Begin PBXProject section */
		9667C4E720BA8600008FA0B5 /* Project object */ = {
			isa = PBXProject;
			attributes = {
				LastUpgradeCheck = 0910;
				ORGANIZATIONNAME = Liuyubo;
				TargetAttributes = {
					9667C4EE20BA8600008FA0B5 = {
						CreatedOnToolsVersion = 9.1;
						ProvisioningStyle = Automatic;
					};
				};
			};
			buildConfigurationList = 9667C4EA20BA8600008FA0B5 /* Build configuration list for PBXProject "TestDemo" */;
			compatibilityVersion = "Xcode 8.0";
			developmentRegion = en;
			hasScannedForEncodings = 0;
			knownRegions = (
				en,
				Base,
			);
			mainGroup = 9667C4E620BA8600008FA0B5;
			productRefGroup = 9667C4F020BA8600008FA0B5 /* Products */;
			projectDirPath = "";
			projectRoot = "";
			targets = (
				9667C4EE20BA8600008FA0B5 /* TestDemo */,
			);
		};
/* End PBXProject section */

/* Begin PBXResourcesBuildPhase section */
		9667C4ED20BA8600008FA0B5 /* Resources */ = {
			isa = PBXResourcesBuildPhase;
			buildActionMask = 2147483647;
			files = (
				9667C4FF20BA8600008FA0B5 /* LaunchScreen.storyboard in Resources */,
				9667C4FC20BA8600008FA0B5 /* Assets.xcassets in Resources */,
			);
			runOnlyForDeploymentPostprocessing = 0;
		};
/* End PBXResourcesBuildPhase section */

/* Begin PBXShellScriptBuildPhase section */
		33F78D2F7C706C4C3D57F55D /* [CP] Embed Pods Frameworks */ = {
			isa = PBXShellScriptBuildPhase;
			buildActionMask = 2147483647;
			files = (
			);
			inputPaths = (
			);
			name = "[CP] Embed Pods Frameworks";
			outputPaths = (
			);
			runOnlyForDeploymentPostprocessing = 0;
			shellPath = /bin/sh;
			shellScript = "\"${SRCROOT}/Pods/Target Support Files/Pods-TestDemo/Pods-TestDemo-frameworks.sh\"\n";
			showEnvVarsInLog = 0;
		};
		BA4DE8E0D89C8FD47DD5AD8C /* [CP] Copy Pods Resources */ = {
			isa = PBXShellScriptBuildPhase;
			buildActionMask = 2147483647;
			files = (
			);
			inputPaths = (
			);
			name = "[CP] Copy Pods Resources";
			outputPaths = (
			);
			runOnlyForDeploymentPostprocessing = 0;
			shellPath = /bin/sh;
			shellScript = "\"${SRCROOT}/Pods/Target Support Files/Pods-TestDemo/Pods-TestDemo-resources.sh\"\n";
			showEnvVarsInLog = 0;
		};
		C38193A2432DA58F1F3DCFBF /* [CP] Check Pods Manifest.lock */ = {
			isa = PBXShellScriptBuildPhase;
			buildActionMask = 2147483647;
			files = (
			);
			inputPaths = (
				"${PODS_PODFILE_DIR_PATH}/Podfile.lock",
				"${PODS_ROOT}/Manifest.lock",
			);
			name = "[CP] Check Pods Manifest.lock";
			outputPaths = (
				"$(DERIVED_FILE_DIR)/Pods-TestDemo-checkManifestLockResult.txt",
			);
			runOnlyForDeploymentPostprocessing = 0;
			shellPath = /bin/sh;
			shellScript = "diff \"${PODS_PODFILE_DIR_PATH}/Podfile.lock\" \"${PODS_ROOT}/Manifest.lock\" > /dev/null\nif [ $? != 0 ] ; then\n    # print error to STDERR\n    echo \"error: The sandbox is not in sync with the Podfile.lock. Run 'pod install' or update your CocoaPods installation.\" >&2\n    exit 1\nfi\n# This output is used by Xcode 'outputs' to avoid re-running this script phase.\necho \"SUCCESS\" > \"${SCRIPT_OUTPUT_FILE_0}\"\n";
			showEnvVarsInLog = 0;
		};
/* End PBXShellScriptBuildPhase section */

/* Begin PBXSourcesBuildPhase section */
		9667C4EB20BA8600008FA0B5 /* Sources */ = {
			isa = PBXSourcesBuildPhase;
			buildActionMask = 2147483647;
			files = (
				9651545E214A8B7E0045CB00 /* TestFatherViewController.m in Sources */,
				96124992210827A100FF52D8 /* Person.m in Sources */,
				9667C51820BBB118008FA0B5 /* WkWebViewViewController.m in Sources */,
				96124995210827BE00FF52D8 /* KeyValueDemoViewController.m in Sources */,
				9667C4F720BA8600008FA0B5 /* ViewController.m in Sources */,
				96560F74213A490500716516 /* TableViewOffsetViewController+Property.m in Sources */,
				9667C50220BA8600008FA0B5 /* main.m in Sources */,
				96515464214A8BAD0045CB00 /* TestFatherViewController+print.m in Sources */,
				9667C4F420BA8600008FA0B5 /* AppDelegate.m in Sources */,
				9667C51520BA890C008FA0B5 /* TableViewOffsetViewController.m in Sources */,
				96515461214A8B980045CB00 /* TestChildViewController.m in Sources */,
			);
			runOnlyForDeploymentPostprocessing = 0;
		};
/* End PBXSourcesBuildPhase section */

/* Begin PBXVariantGroup section */
		9667C4FD20BA8600008FA0B5 /* LaunchScreen.storyboard */ = {
			isa = PBXVariantGroup;
			children = (
				9667C4FE20BA8600008FA0B5 /* Base */,
			);
			name = LaunchScreen.storyboard;
			sourceTree = "<group>";
		};
/* End PBXVariantGroup section */

/* Begin XCBuildConfiguration section */
		9667C50320BA8600008FA0B5 /* Debug */ = {
			isa = XCBuildConfiguration;
			buildSettings = {
				ALWAYS_SEARCH_USER_PATHS = NO;
				CLANG_ANALYZER_NONNULL = YES;
				CLANG_ANALYZER_NUMBER_OBJECT_CONVERSION = YES_AGGRESSIVE;
				CLANG_CXX_LANGUAGE_STANDARD = "gnu++14";
				CLANG_CXX_LIBRARY = "libc++";
				CLANG_ENABLE_MODULES = YES;
				CLANG_ENABLE_OBJC_ARC = YES;
				CLANG_WARN_BLOCK_CAPTURE_AUTORELEASING = YES;
				CLANG_WARN_BOOL_CONVERSION = YES;
				CLANG_WARN_COMMA = YES;
				CLANG_WARN_CONSTANT_CONVERSION = YES;
				CLANG_WARN_DIRECT_OBJC_ISA_USAGE = YES_ERROR;
				CLANG_WARN_DOCUMENTATION_COMMENTS = YES;
				CLANG_WARN_EMPTY_BODY = YES;
				CLANG_WARN_ENUM_CONVERSION = YES;
				CLANG_WARN_INFINITE_RECURSION = YES;
				CLANG_WARN_INT_CONVERSION = YES;
				CLANG_WARN_NON_LITERAL_NULL_CONVERSION = YES;
				CLANG_WARN_OBJC_LITERAL_CONVERSION = YES;
				CLANG_WARN_OBJC_ROOT_CLASS = YES_ERROR;
				CLANG_WARN_RANGE_LOOP_ANALYSIS = YES;
				CLANG_WARN_STRICT_PROTOTYPES = YES;
				CLANG_WARN_SUSPICIOUS_MOVE = YES;
				CLANG_WARN_UNGUARDED_AVAILABILITY = YES_AGGRESSIVE;
				CLANG_WARN_UNREACHABLE_CODE = YES;
				CLANG_WARN__DUPLICATE_METHOD_MATCH = YES;
				CODE_SIGN_IDENTITY = "iPhone Developer";
				COPY_PHASE_STRIP = NO;
				DEBUG_INFORMATION_FORMAT = dwarf;
				ENABLE_STRICT_OBJC_MSGSEND = YES;
				ENABLE_TESTABILITY = YES;
				GCC_C_LANGUAGE_STANDARD = gnu11;
				GCC_DYNAMIC_NO_PIC = NO;
				GCC_NO_COMMON_BLOCKS = YES;
				GCC_OPTIMIZATION_LEVEL = 0;
				GCC_PREPROCESSOR_DEFINITIONS = (
					"DEBUG=1",
					"$(inherited)",
				);
				GCC_WARN_64_TO_32_BIT_CONVERSION = YES;
				GCC_WARN_ABOUT_RETURN_TYPE = YES_ERROR;
				GCC_WARN_UNDECLARED_SELECTOR = YES;
				GCC_WARN_UNINITIALIZED_AUTOS = YES_AGGRESSIVE;
				GCC_WARN_UNUSED_FUNCTION = YES;
				GCC_WARN_UNUSED_VARIABLE = YES;
				IPHONEOS_DEPLOYMENT_TARGET = 11.1;
				MTL_ENABLE_DEBUG_INFO = YES;
				ONLY_ACTIVE_ARCH = YES;
				SDKROOT = iphoneos;
			};
			name = Debug;
		};
		9667C50420BA8600008FA0B5 /* Release */ = {
			isa = XCBuildConfiguration;
			buildSettings = {
				ALWAYS_SEARCH_USER_PATHS = NO;
				CLANG_ANALYZER_NONNULL = YES;
				CLANG_ANALYZER_NUMBER_OBJECT_CONVERSION = YES_AGGRESSIVE;
				CLANG_CXX_LANGUAGE_STANDARD = "gnu++14";
				CLANG_CXX_LIBRARY = "libc++";
				CLANG_ENABLE_MODULES = YES;
				CLANG_ENABLE_OBJC_ARC = YES;
				CLANG_WARN_BLOCK_CAPTURE_AUTORELEASING = YES;
				CLANG_WARN_BOOL_CONVERSION = YES;
				CLANG_WARN_COMMA = YES;
				CLANG_WARN_CONSTANT_CONVERSION = YES;
				CLANG_WARN_DIRECT_OBJC_ISA_USAGE = YES_ERROR;
				CLANG_WARN_DOCUMENTATION_COMMENTS = YES;
				CLANG_WARN_EMPTY_BODY = YES;
				CLANG_WARN_ENUM_CONVERSION = YES;
				CLANG_WARN_INFINITE_RECURSION = YES;
				CLANG_WARN_INT_CONVERSION = YES;
				CLANG_WARN_NON_LITERAL_NULL_CONVERSION = YES;
				CLANG_WARN_OBJC_LITERAL_CONVERSION = YES;
				CLANG_WARN_OBJC_ROOT_CLASS = YES_ERROR;
				CLANG_WARN_RANGE_LOOP_ANALYSIS = YES;
				CLANG_WARN_STRICT_PROTOTYPES = YES;
				CLANG_WARN_SUSPICIOUS_MOVE = YES;
				CLANG_WARN_UNGUARDED_AVAILABILITY = YES_AGGRESSIVE;
				CLANG_WARN_UNREACHABLE_CODE = YES;
				CLANG_WARN__DUPLICATE_METHOD_MATCH = YES;
				CODE_SIGN_IDENTITY = "iPhone Developer";
				COPY_PHASE_STRIP = NO;
				DEBUG_INFORMATION_FORMAT = "dwarf-with-dsym";
				ENABLE_NS_ASSERTIONS = NO;
				ENABLE_STRICT_OBJC_MSGSEND = YES;
				GCC_C_LANGUAGE_STANDARD = gnu11;
				GCC_NO_COMMON_BLOCKS = YES;
				GCC_WARN_64_TO_32_BIT_CONVERSION = YES;
				GCC_WARN_ABOUT_RETURN_TYPE = YES_ERROR;
				GCC_WARN_UNDECLARED_SELECTOR = YES;
				GCC_WARN_UNINITIALIZED_AUTOS = YES_AGGRESSIVE;
				GCC_WARN_UNUSED_FUNCTION = YES;
				GCC_WARN_UNUSED_VARIABLE = YES;
				IPHONEOS_DEPLOYMENT_TARGET = 11.1;
				MTL_ENABLE_DEBUG_INFO = NO;
				SDKROOT = iphoneos;
				VALIDATE_PRODUCT = YES;
			};
			name = Release;
		};
		9667C50620BA8600008FA0B5 /* Debug */ = {
			isa = XCBuildConfiguration;
			baseConfigurationReference = CE76DAE5EE642E9851A5D916 /* Pods-TestDemo.debug.xcconfig */;
			buildSettings = {
				ASSETCATALOG_COMPILER_APPICON_NAME = AppIcon;
				CODE_SIGN_STYLE = Automatic;
				DEVELOPMENT_TEAM = GWK9FAR3J2;
				INFOPLIST_FILE = TestDemo/Info.plist;
				LD_RUNPATH_SEARCH_PATHS = "$(inherited) @executable_path/Frameworks";
				PRODUCT_BUNDLE_IDENTIFIER = Liuyubo.TestDemo;
				PRODUCT_NAME = "$(TARGET_NAME)";
				TARGETED_DEVICE_FAMILY = "1,2";
			};
			name = Debug;
		};
		9667C50720BA8600008FA0B5 /* Release */ = {
			isa = XCBuildConfiguration;
			baseConfigurationReference = 74CD7161D0F2F53E401B5737 /* Pods-TestDemo.release.xcconfig */;
			buildSettings = {
				ASSETCATALOG_COMPILER_APPICON_NAME = AppIcon;
				CODE_SIGN_STYLE = Automatic;
				DEVELOPMENT_TEAM = GWK9FAR3J2;
				INFOPLIST_FILE = TestDemo/Info.plist;
				LD_RUNPATH_SEARCH_PATHS = "$(inherited) @executable_path/Frameworks";
				PRODUCT_BUNDLE_IDENTIFIER = Liuyubo.TestDemo;
				PRODUCT_NAME = "$(TARGET_NAME)";
				TARGETED_DEVICE_FAMILY = "1,2";
			};
			name = Release;
		};
/* End XCBuildConfiguration section */

/* Begin XCConfigurationList section */
		9667C4EA20BA8600008FA0B5 /* Build configuration list for PBXProject "TestDemo" */ = {
			isa = XCConfigurationList;
			buildConfigurations = (
				9667C50320BA8600008FA0B5 /* Debug */,
				9667C50420BA8600008FA0B5 /* Release */,
			);
			defaultConfigurationIsVisible = 0;
			defaultConfigurationName = Release;
		};
		9667C50520BA8600008FA0B5 /* Build configuration list for PBXNativeTarget "TestDemo" */ = {
			isa = XCConfigurationList;
			buildConfigurations = (
				9667C50620BA8600008FA0B5 /* Debug */,
				9667C50720BA8600008FA0B5 /* Release */,
			);
			defaultConfigurationIsVisible = 0;
			defaultConfigurationName = Release;
		};
/* End XCConfigurationList section */
	};
	rootObject = 9667C4E720BA8600008FA0B5 /* Project object */;
}
